
Microsoft Visual Studio Solution File, Format Version 12.00
Project("{FAE04EC0-301F-11D3-BF4B-00C04F79EFBC}") = "KanbAI-Core", "KanbAI-Core\KanbAI-Core.csproj", "{B76BCB28-1909-4092-8D6B-3E80285B660B}"
EndProject
Project("{FAE04EC0-301F-11D3-BF4B-00C04F79EFBC}") = "KanbAI-Core.Tests", "KanbAI-Core.Tests\KanbAI-Core.Tests.csproj", "{A1B2C3D4-5678-9ABC-DEF0-123456789ABC}"
EndProject
Global
	GlobalSection(SolutionConfigurationPlatforms) = preSolution
		Debug|Any CPU = Debug|Any CPU
		Release|Any CPU = Release|Any CPU
	EndGlobalSection
	GlobalSection(ProjectConfigurationPlatforms) = postSolution
		{B76BCB28-1909-4092-8D6B-3E80285B660B}.Debug|Any CPU.ActiveCfg = Debug|Any CPU
		{B76BCB28-1909-4092-8D6B-3E80285B660B}.Debug|Any CPU.Build.0 = Debug|Any CPU
		{B76BCB28-1909-4092-8D6B-3E80285B660B}.Release|Any CPU.ActiveCfg = Release|Any CPU
		{B76BCB28-1909-4092-8D6B-3E80285B660B}.Release|Any CPU.Build.0 = Release|Any CPU
		{A1B2C3D4-5678-9ABC-DEF0-123456789ABC}.Debug|Any CPU.ActiveCfg = Debug|Any CPU
		{A1B2C3D4-5678-9ABC-DEF0-123456789ABC}.Debug|Any CPU.Build.0 = Debug|Any CPU
		{A1B2C3D4-5678-9ABC-DEF0-123456789ABC}.Release|Any CPU.ActiveCfg = Release|Any CPU
		{A1B2C3D4-5678-9ABC-DEF0-123456789ABC}.Release|Any CPU.Build.0 = Release|Any CPU
	EndGlobalSection
EndGlobal
